// !$*UTF8*$!
{
	archiveVersion = 1;
	classes = {
	};
	objectVersion = 50;
	objects = {

/* Begin PBXBuildFile section */
		7DDC879B20B8F4D5006DACF6 /* AutoExpandingTextFieldWindowController.m in Sources */ = {isa = PBXBuildFile; fileRef = 7DDC879920B8F4D5006DACF6 /* AutoExpandingTextFieldWindowController.m */; };
		7DDC879C20B8F4D5006DACF6 /* AutoExpandingTextFieldWindowController.xib in Resources */ = {isa = PBXBuildFile; fileRef = 7DDC879A20B8F4D5006DACF6 /* AutoExpandingTextFieldWindowController.xib */; };
		7DDC879F20BAEF50006DACF6 /* AutoExpandingTextField.m in Sources */ = {isa = PBXBuildFile; fileRef = 7DDC879E20BAEF50006DACF6 /* AutoExpandingTextField.m */; };
		7DDC87A320BE0886006DACF6 /* CenteringImageWindowController.m in Sources */ = {isa = PBXBuildFile; fileRef = 7DDC87A120BE0886006DACF6 /* CenteringImageWindowController.m */; };
		7DDC87A420BE0886006DACF6 /* CenteringImageWindowController.xib in Resources */ = {isa = PBXBuildFile; fileRef = 7DDC87A220BE0886006DACF6 /* CenteringImageWindowController.xib */; };
		7DDC87AA20BE20AF006DACF6 /* SimpleSlabsWindowController.m in Sources */ = {isa = PBXBuildFile; fileRef = 7DDC87A820BE20AF006DACF6 /* SimpleSlabsWindowController.m */; };
		7DDC87AB20BE20AF006DACF6 /* SimpleSlabsWindowController.xib in Resources */ = {isa = PBXBuildFile; fileRef = 7DDC87A920BE20AF006DACF6 /* SimpleSlabsWindowController.xib */; };
		7DDC87AE20BE21C6006DACF6 /* WindowControllerBase.m in Sources */ = {isa = PBXBuildFile; fileRef = 7DDC87AD20BE21C6006DACF6 /* WindowControllerBase.m */; };
		7DDC87B120BE27CF006DACF6 /* SlabOne.m in Sources */ = {isa = PBXBuildFile; fileRef = 7DDC87B020BE27CF006DACF6 /* SlabOne.m */; };
		7DDC87B420BE2C50006DACF6 /* Application.m in Sources */ = {isa = PBXBuildFile; fileRef = 7DDC87B320BE2C50006DACF6 /* Application.m */; };
		7DF28FDE20B8EEC9000E8CEA /* AppDelegate.m in Sources */ = {isa = PBXBuildFile; fileRef = 7DF28FDD20B8EEC9000E8CEA /* AppDelegate.m */; };
		7DF28FE020B8EECB000E8CEA /* Assets.xcassets in Resources */ = {isa = PBXBuildFile; fileRef = 7DF28FDF20B8EECB000E8CEA /* Assets.xcassets */; };
		7DF28FE320B8EECB000E8CEA /* MainMenu.xib in Resources */ = {isa = PBXBuildFile; fileRef = 7DF28FE120B8EECB000E8CEA /* MainMenu.xib */; };
		7DF28FE620B8EECB000E8CEA /* main.m in Sources */ = {isa = PBXBuildFile; fileRef = 7DF28FE520B8EECB000E8CEA /* main.m */; };
/* End PBXBuildFile section */

/* Begin PBXFileReference section */
		7DDC879820B8F4D5006DACF6 /* AutoExpandingTextFieldWindowController.h */ = {isa = PBXFileReference; lastKnownFileType = sourcecode.c.h; path = AutoExpandingTextFieldWindowController.h; sourceTree = "<group>"; };
		7DDC879920B8F4D5006DACF6 /* AutoExpandingTextFieldWindowController.m */ = {isa = PBXFileReference; lastKnownFileType = sourcecode.c.objc; path = AutoExpandingTextFieldWindowController.m; sourceTree = "<group>"; };
		7DDC879A20B8F4D5006DACF6 /* AutoExpandingTextFieldWindowController.xib */ = {isa = PBXFileReference; lastKnownFileType = file.xib; path = AutoExpandingTextFieldWindowController.xib; sourceTree = "<group>"; };
		7DDC879D20BAEF50006DACF6 /* AutoExpandingTextField.h */ = {isa = PBXFileReference; fileEncoding = 4; lastKnownFileType = sourcecode.c.h; path = AutoExpandingTextField.h; sourceTree = "<group>"; };
		7DDC879E20BAEF50006DACF6 /* AutoExpandingTextField.m */ = {isa = PBXFileReference; fileEncoding = 4; lastKnownFileType = sourcecode.c.objc; path = AutoExpandingTextField.m; sourceTree = "<group>"; };
		7DDC87A020BE0886006DACF6 /* CenteringImageWindowController.h */ = {isa = PBXFileReference; lastKnownFileType = sourcecode.c.h; path = CenteringImageWindowController.h; sourceTree = "<group>"; };
		7DDC87A120BE0886006DACF6 /* CenteringImageWindowController.m */ = {isa = PBXFileReference; lastKnownFileType = sourcecode.c.objc; path = CenteringImageWindowController.m; sourceTree = "<group>"; };
		7DDC87A220BE0886006DACF6 /* CenteringImageWindowController.xib */ = {isa = PBXFileReference; lastKnownFileType = file.xib; path = CenteringImageWindowController.xib; sourceTree = "<group>"; };
		7DDC87A720BE20AF006DACF6 /* SimpleSlabsWindowController.h */ = {isa = PBXFileReference; lastKnownFileType = sourcecode.c.h; path = SimpleSlabsWindowController.h; sourceTree = "<group>"; };
		7DDC87A820BE20AF006DACF6 /* SimpleSlabsWindowController.m */ = {isa = PBXFileReference; lastKnownFileType = sourcecode.c.objc; path = SimpleSlabsWindowController.m; sourceTree = "<group>"; };
		7DDC87A920BE20AF006DACF6 /* SimpleSlabsWindowController.xib */ = {isa = PBXFileReference; lastKnownFileType = file.xib; path = SimpleSlabsWindowController.xib; sourceTree = "<group>"; };
		7DDC87AC20BE21C6006DACF6 /* WindowControllerBase.h */ = {isa = PBXFileReference; fileEncoding = 4; lastKnownFileType = sourcecode.c.h; path = WindowControllerBase.h; sourceTree = "<group>"; };
		7DDC87AD20BE21C6006DACF6 /* WindowControllerBase.m */ = {isa = PBXFileReference; fileEncoding = 4; lastKnownFileType = sourcecode.c.objc; path = WindowControllerBase.m; sourceTree = "<group>"; };
		7DDC87AF20BE27CF006DACF6 /* SlabOne.h */ = {isa = PBXFileReference; fileEncoding = 4; lastKnownFileType = sourcecode.c.h; path = SlabOne.h; sourceTree = "<group>"; };
		7DDC87B020BE27CF006DACF6 /* SlabOne.m */ = {isa = PBXFileReference; fileEncoding = 4; lastKnownFileType = sourcecode.c.objc; path = SlabOne.m; sourceTree = "<group>"; };
		7DDC87B220BE2C50006DACF6 /* Application.h */ = {isa = PBXFileReference; fileEncoding = 4; lastKnownFileType = sourcecode.c.h; path = Application.h; sourceTree = "<group>"; };
		7DDC87B320BE2C50006DACF6 /* Application.m */ = {isa = PBXFileReference; fileEncoding = 4; lastKnownFileType = sourcecode.c.objc; path = Application.m; sourceTree = "<group>"; };
		7DF28FD920B8EEC9000E8CEA /* CocoaScrollViews.app */ = {isa = PBXFileReference; explicitFileType = wrapper.application; includeInIndex = 0; path = CocoaScrollViews.app; sourceTree = BUILT_PRODUCTS_DIR; };
		7DF28FDC20B8EEC9000E8CEA /* AppDelegate.h */ = {isa = PBXFileReference; lastKnownFileType = sourcecode.c.h; path = AppDelegate.h; sourceTree = "<group>"; };
		7DF28FDD20B8EEC9000E8CEA /* AppDelegate.m */ = {isa = PBXFileReference; lastKnownFileType = sourcecode.c.objc; path = AppDelegate.m; sourceTree = "<group>"; };
		7DF28FDF20B8EECB000E8CEA /* Assets.xcassets */ = {isa = PBXFileReference; lastKnownFileType = folder.assetcatalog; path = Assets.xcassets; sourceTree = "<group>"; };
		7DF28FE220B8EECB000E8CEA /* Base */ = {isa = PBXFileReference; lastKnownFileType = file.xib; name = Base; path = Base.lproj/MainMenu.xib; sourceTree = "<group>"; };
		7DF28FE420B8EECB000E8CEA /* Info.plist */ = {isa = PBXFileReference; lastKnownFileType = text.plist.xml; path = Info.plist; sourceTree = "<group>"; };
		7DF28FE520B8EECB000E8CEA /* main.m */ = {isa = PBXFileReference; lastKnownFileType = sourcecode.c.objc; path = main.m; sourceTree = "<group>"; };
		7DF28FE720B8EECB000E8CEA /* CocoaScrollViews.entitlements */ = {isa = PBXFileReference; lastKnownFileType = text.plist.entitlements; path = CocoaScrollViews.entitlements; sourceTree = "<group>"; };
/* End PBXFileReference section */

/* Begin PBXFrameworksBuildPhase section */
		7DF28FD620B8EEC9000E8CEA /* Frameworks */ = {
			isa = PBXFrameworksBuildPhase;
			buildActionMask = 2147483647;
			files = (
			);
			runOnlyForDeploymentPostprocessing = 0;
		};
/* End PBXFrameworksBuildPhase section */

/* Begin PBXGroup section */
		7DF28FD020B8EEC9000E8CEA = {
			isa = PBXGroup;
			children = (
				7DF28FDB20B8EEC9000E8CEA /* CocoaScrollViews */,
				7DF28FDA20B8EEC9000E8CEA /* Products */,
			);
			sourceTree = "<group>";
		};
		7DF28FDA20B8EEC9000E8CEA /* Products */ = {
			isa = PBXGroup;
			children = (
				7DF28FD920B8EEC9000E8CEA /* CocoaScrollViews.app */,
			);
			name = Products;
			sourceTree = "<group>";
		};
		7DF28FDB20B8EEC9000E8CEA /* CocoaScrollViews */ = {
			isa = PBXGroup;
			children = (
				7DF28FDC20B8EEC9000E8CEA /* AppDelegate.h */,
				7DF28FDD20B8EEC9000E8CEA /* AppDelegate.m */,
				7DDC87B220BE2C50006DACF6 /* Application.h */,
				7DDC87B320BE2C50006DACF6 /* Application.m */,
				7DDC87AC20BE21C6006DACF6 /* WindowControllerBase.h */,
				7DDC87AD20BE21C6006DACF6 /* WindowControllerBase.m */,
				7DDC879820B8F4D5006DACF6 /* AutoExpandingTextFieldWindowController.h */,
				7DDC879920B8F4D5006DACF6 /* AutoExpandingTextFieldWindowController.m */,
				7DDC879A20B8F4D5006DACF6 /* AutoExpandingTextFieldWindowController.xib */,
				7DDC879D20BAEF50006DACF6 /* AutoExpandingTextField.h */,
				7DDC879E20BAEF50006DACF6 /* AutoExpandingTextField.m */,
				7DF28FDF20B8EECB000E8CEA /* Assets.xcassets */,
				7DF28FE120B8EECB000E8CEA /* MainMenu.xib */,
				7DF28FE420B8EECB000E8CEA /* Info.plist */,
				7DF28FE520B8EECB000E8CEA /* main.m */,
				7DF28FE720B8EECB000E8CEA /* CocoaScrollViews.entitlements */,
				7DDC87A020BE0886006DACF6 /* CenteringImageWindowController.h */,
				7DDC87A120BE0886006DACF6 /* CenteringImageWindowController.m */,
				7DDC87A220BE0886006DACF6 /* CenteringImageWindowController.xib */,
				7DDC87A720BE20AF006DACF6 /* SimpleSlabsWindowController.h */,
				7DDC87A820BE20AF006DACF6 /* SimpleSlabsWindowController.m */,
				7DDC87A920BE20AF006DACF6 /* SimpleSlabsWindowController.xib */,
				7DDC87AF20BE27CF006DACF6 /* SlabOne.h */,
				7DDC87B020BE27CF006DACF6 /* SlabOne.m */,
			);
			path = CocoaScrollViews;
			sourceTree = "<group>";
		};
/* End PBXGroup section */

/* Begin PBXNativeTarget section */
		7DF28FD820B8EEC9000E8CEA /* CocoaScrollViews */ = {
			isa = PBXNativeTarget;
			buildConfigurationList = 7DF28FEA20B8EECB000E8CEA /* Build configuration list for PBXNativeTarget "CocoaScrollViews" */;
			buildPhases = (
				7DF28FD520B8EEC9000E8CEA /* Sources */,
				7DF28FD620B8EEC9000E8CEA /* Frameworks */,
				7DF28FD720B8EEC9000E8CEA /* Resources */,
			);
			buildRules = (
			);
			dependencies = (
			);
			name = CocoaScrollViews;
			productName = CocoaScrollViews;
			productReference = 7DF28FD920B8EEC9000E8CEA /* CocoaScrollViews.app */;
			productType = "com.apple.product-type.application";
		};
/* End PBXNativeTarget section */

/* Begin PBXProject section */
		7DF28FD120B8EEC9000E8CEA /* Project object */ = {
			isa = PBXProject;
			attributes = {
				LastUpgradeCheck = 0930;
				ORGANIZATIONNAME = Borkware;
				TargetAttributes = {
					7DF28FD820B8EEC9000E8CEA = {
						CreatedOnToolsVersion = 9.3;
						SystemCapabilities = {
							com.apple.Sandbox = {
								enabled = 0;
							};
						};
					};
				};
			};
			buildConfigurationList = 7DF28FD420B8EEC9000E8CEA /* Build configuration list for PBXProject "CocoaScrollViews" */;
			compatibilityVersion = "Xcode 9.3";
			developmentRegion = en;
			hasScannedForEncodings = 0;
			knownRegions = (
				en,
				Base,
			);
			mainGroup = 7DF28FD020B8EEC9000E8CEA;
			productRefGroup = 7DF28FDA20B8EEC9000E8CEA /* Products */;
			projectDirPath = "";
			projectRoot = "";
			targets = (
				7DF28FD820B8EEC9000E8CEA /* CocoaScrollViews */,
			);
		};
/* End PBXProject section */

/* Begin PBXResourcesBuildPhase section */
		7DF28FD720B8EEC9000E8CEA /* Resources */ = {
			isa = PBXResourcesBuildPhase;
			buildActionMask = 2147483647;
			files = (
				7DDC879C20B8F4D5006DACF6 /* AutoExpandingTextFieldWindowController.xib in Resources */,
				7DDC87AB20BE20AF006DACF6 /* SimpleSlabsWindowController.xib in Resources */,
				7DDC87A420BE0886006DACF6 /* CenteringImageWindowController.xib in Resources */,
				7DF28FE020B8EECB000E8CEA /* Assets.xcassets in Resources */,
				7DF28FE320B8EECB000E8CEA /* MainMenu.xib in Resources */,
			);
			runOnlyForDeploymentPostprocessing = 0;
		};
/* End PBXResourcesBuildPhase section */

/* Begin PBXSourcesBuildPhase section */
		7DF28FD520B8EEC9000E8CEA /* Sources */ = {
			isa = PBXSourcesBuildPhase;
			buildActionMask = 2147483647;
			files = (
				7DDC87B420BE2C50006DACF6 /* Application.m in Sources */,
				7DDC87B120BE27CF006DACF6 /* SlabOne.m in Sources */,
				7DDC879B20B8F4D5006DACF6 /* AutoExpandingTextFieldWindowController.m in Sources */,
				7DDC87AE20BE21C6006DACF6 /* WindowControllerBase.m in Sources */,
				7DF28FE620B8EECB000E8CEA /* main.m in Sources */,
				7DDC87A320BE0886006DACF6 /* CenteringImageWindowController.m in Sources */,
				7DF28FDE20B8EEC9000E8CEA /* AppDelegate.m in Sources */,
				7DDC879F20BAEF50006DACF6 /* AutoExpandingTextField.m in Sources */,
				7DDC87AA20BE20AF006DACF6 /* SimpleSlabsWindowController.m in Sources */,
			);
			runOnlyForDeploymentPostprocessing = 0;
		};
/* End PBXSourcesBuildPhase section */

/* Begin PBXVariantGroup section */
		7DF28FE120B8EECB000E8CEA /* MainMenu.xib */ = {
			isa = PBXVariantGroup;
			children = (
				7DF28FE220B8EECB000E8CEA /* Base */,
			);
			name = MainMenu.xib;
			sourceTree = "<group>";
		};
/* End PBXVariantGroup section */

/* Begin XCBuildConfiguration section */
		7DF28FE820B8EECB000E8CEA /* Debug */ = {
			isa = XCBuildConfiguration;
			buildSettings = {
				ALWAYS_SEARCH_USER_PATHS = NO;
				CLANG_ANALYZER_NONNULL = YES;
				CLANG_ANALYZER_NUMBER_OBJECT_CONVERSION = YES_AGGRESSIVE;
				CLANG_CXX_LANGUAGE_STANDARD = "gnu++14";
				CLANG_CXX_LIBRARY = "libc++";
				CLANG_ENABLE_MODULES = YES;
				CLANG_ENABLE_OBJC_ARC = YES;
				CLANG_ENABLE_OBJC_WEAK = YES;
				CLANG_WARN_BLOCK_CAPTURE_AUTORELEASING = YES;
				CLANG_WARN_BOOL_CONVERSION = YES;
				CLANG_WARN_COMMA = YES;
				CLANG_WARN_CONSTANT_CONVERSION = YES;
				CLANG_WARN_DEPRECATED_OBJC_IMPLEMENTATIONS = YES;
				CLANG_WARN_DIRECT_OBJC_ISA_USAGE = YES_ERROR;
				CLANG_WARN_DOCUMENTATION_COMMENTS = YES;
				CLANG_WARN_EMPTY_BODY = YES;
				CLANG_WARN_ENUM_CONVERSION = YES;
				CLANG_WARN_INFINITE_RECURSION = YES;
				CLANG_WARN_INT_CONVERSION = YES;
				CLANG_WARN_NON_LITERAL_NULL_CONVERSION = YES;
				CLANG_WARN_OBJC_IMPLICIT_RETAIN_SELF = YES;
				CLANG_WARN_OBJC_LITERAL_CONVERSION = YES;
				CLANG_WARN_OBJC_ROOT_CLASS = YES_ERROR;
				CLANG_WARN_RANGE_LOOP_ANALYSIS = YES;
				CLANG_WARN_STRICT_PROTOTYPES = YES;
				CLANG_WARN_SUSPICIOUS_MOVE = YES;
				CLANG_WARN_UNGUARDED_AVAILABILITY = YES_AGGRESSIVE;
				CLANG_WARN_UNREACHABLE_CODE = YES;
				CLANG_WARN__DUPLICATE_METHOD_MATCH = YES;
				CODE_SIGN_IDENTITY = "Mac Developer";
				COPY_PHASE_STRIP = NO;
				DEBUG_INFORMATION_FORMAT = dwarf;
				ENABLE_STRICT_OBJC_MSGSEND = YES;
				ENABLE_TESTABILITY = YES;
				GCC_C_LANGUAGE_STANDARD = gnu11;
				GCC_DYNAMIC_NO_PIC = NO;
				GCC_NO_COMMON_BLOCKS = YES;
				GCC_OPTIMIZATION_LEVEL = 0;
				GCC_PREPROCESSOR_DEFINITIONS = (
					"DEBUG=1",
					"$(inherited)",
				);
				GCC_WARN_64_TO_32_BIT_CONVERSION = YES;
				GCC_WARN_ABOUT_RETURN_TYPE = YES_ERROR;
				GCC_WARN_UNDECLARED_SELECTOR = YES;
				GCC_WARN_UNINITIALIZED_AUTOS = YES_AGGRESSIVE;
				GCC_WARN_UNUSED_FUNCTION = YES;
				GCC_WARN_UNUSED_VARIABLE = YES;
				MACOSX_DEPLOYMENT_TARGET = 10.13;
				MTL_ENABLE_DEBUG_INFO = YES;
				ONLY_ACTIVE_ARCH = YES;
				SDKROOT = macosx;
			};
			name = Debug;
		};
		7DF28FE920B8EECB000E8CEA /* Release */ = {
			isa = XCBuildConfiguration;
			buildSettings = {
				ALWAYS_SEARCH_USER_PATHS = NO;
				CLANG_ANALYZER_NONNULL = YES;
				CLANG_ANALYZER_NUMBER_OBJECT_CONVERSION = YES_AGGRESSIVE;
				CLANG_CXX_LANGUAGE_STANDARD = "gnu++14";
				CLANG_CXX_LIBRARY = "libc++";
				CLANG_ENABLE_MODULES = YES;
				CLANG_ENABLE_OBJC_ARC = YES;
				CLANG_ENABLE_OBJC_WEAK = YES;
				CLANG_WARN_BLOCK_CAPTURE_AUTORELEASING = YES;
				CLANG_WARN_BOOL_CONVERSION = YES;
				CLANG_WARN_COMMA = YES;
				CLANG_WARN_CONSTANT_CONVERSION = YES;
				CLANG_WARN_DEPRECATED_OBJC_IMPLEMENTATIONS = YES;
				CLANG_WARN_DIRECT_OBJC_ISA_USAGE = YES_ERROR;
				CLANG_WARN_DOCUMENTATION_COMMENTS = YES;
				CLANG_WARN_EMPTY_BODY = YES;
				CLANG_WARN_ENUM_CONVERSION = YES;
				CLANG_WARN_INFINITE_RECURSION = YES;
				CLANG_WARN_INT_CONVERSION = YES;
				CLANG_WARN_NON_LITERAL_NULL_CONVERSION = YES;
				CLANG_WARN_OBJC_IMPLICIT_RETAIN_SELF = YES;
				CLANG_WARN_OBJC_LITERAL_CONVERSION = YES;
				CLANG_WARN_OBJC_ROOT_CLASS = YES_ERROR;
				CLANG_WARN_RANGE_LOOP_ANALYSIS = YES;
				CLANG_WARN_STRICT_PROTOTYPES = YES;
				CLANG_WARN_SUSPICIOUS_MOVE = YES;
				CLANG_WARN_UNGUARDED_AVAILABILITY = YES_AGGRESSIVE;
				CLANG_WARN_UNREACHABLE_CODE = YES;
				CLANG_WARN__DUPLICATE_METHOD_MATCH = YES;
				CODE_SIGN_IDENTITY = "Mac Developer";
				COPY_PHASE_STRIP = NO;
				DEBUG_INFORMATION_FORMAT = "dwarf-with-dsym";
				ENABLE_NS_ASSERTIONS = NO;
				ENABLE_STRICT_OBJC_MSGSEND = YES;
				GCC_C_LANGUAGE_STANDARD = gnu11;
				GCC_NO_COMMON_BLOCKS = YES;
				GCC_WARN_64_TO_32_BIT_CONVERSION = YES;
				GCC_WARN_ABOUT_RETURN_TYPE = YES_ERROR;
				GCC_WARN_UNDECLARED_SELECTOR = YES;
				GCC_WARN_UNINITIALIZED_AUTOS = YES_AGGRESSIVE;
				GCC_WARN_UNUSED_FUNCTION = YES;
				GCC_WARN_UNUSED_VARIABLE = YES;
				MACOSX_DEPLOYMENT_TARGET = 10.13;
				MTL_ENABLE_DEBUG_INFO = NO;
				SDKROOT = macosx;
			};
			name = Release;
		};
		7DF28FEB20B8EECB000E8CEA /* Debug */ = {
			isa = XCBuildConfiguration;
			buildSettings = {
				ASSETCATALOG_COMPILER_APPICON_NAME = AppIcon;
				CODE_SIGN_STYLE = Automatic;
				COMBINE_HIDPI_IMAGES = YES;
				DEVELOPMENT_TEAM = 2HBB3G8HCG;
				INFOPLIST_FILE = CocoaScrollViews/Info.plist;
				LD_RUNPATH_SEARCH_PATHS = (
					"$(inherited)",
					"@executable_path/../Frameworks",
				);
				PRODUCT_BUNDLE_IDENTIFIER = com.borkware.CocoaScrollViews;
				PRODUCT_NAME = "$(TARGET_NAME)";
			};
			name = Debug;
		};
		7DF28FEC20B8EECB000E8CEA /* Release */ = {
			isa = XCBuildConfiguration;
			buildSettings = {
				ASSETCATALOG_COMPILER_APPICON_NAME = AppIcon;
				CODE_SIGN_STYLE = Automatic;
				COMBINE_HIDPI_IMAGES = YES;
				DEVELOPMENT_TEAM = 2HBB3G8HCG;
				INFOPLIST_FILE = CocoaScrollViews/Info.plist;
				LD_RUNPATH_SEARCH_PATHS = (
					"$(inherited)",
					"@executable_path/../Frameworks",
				);
				PRODUCT_BUNDLE_IDENTIFIER = com.borkware.CocoaScrollViews;
				PRODUCT_NAME = "$(TARGET_NAME)";
			};
			name = Release;
		};
/* End XCBuildConfiguration section */

/* Begin XCConfigurationList section */
		7DF28FD420B8EEC9000E8CEA /* Build configuration list for PBXProject "CocoaScrollViews" */ = {
			isa = XCConfigurationList;
			buildConfigurations = (
				7DF28FE820B8EECB000E8CEA /* Debug */,
				7DF28FE920B8EECB000E8CEA /* Release */,
			);
			defaultConfigurationIsVisible = 0;
			defaultConfigurationName = Release;
		};
		7DF28FEA20B8EECB000E8CEA /* Build configuration list for PBXNativeTarget "CocoaScrollViews" */ = {
			isa = XCConfigurationList;
			buildConfigurations = (
				7DF28FEB20B8EECB000E8CEA /* Debug */,
				7DF28FEC20B8EECB000E8CEA /* Release */,
			);
			defaultConfigurationIsVisible = 0;
			defaultConfigurationName = Release;
		};
/* End XCConfigurationList section */
	};
	rootObject = 7DF28FD120B8EEC9000E8CEA /* Project object */;
}
